{
  "version": "5",
  "redirects": {
    "https://esm.sh/@bufbuild/protobuf@^2.2.0/codegenv1?target=denonext": "https://esm.sh/@bufbuild/protobuf@2.15.0/codegenv1?target=denonext",
    "https://esm.sh/@bufbuild/protobuf@^2.2.0/wire?target=denonext": "https://esm.sh/@bufbuild/protobuf@2.15.0/wire?target=denonext",
    "https://esm.sh/@bufbuild/protobuf@^2.2.0/wkt?target=denonext": "https://esm.sh/@bufbuild/protobuf@2.15.0/wkt?target=denonext",
    "https://esm.sh/@bufbuild/protobuf@^2.2.0?target=denonext": "https://esm.sh/@bufbuild/protobuf@2.15.0?target=denonext",
    "https://esm.sh/@bufbuild/protobuf@^2.6.2/codegenv2?target=denonext": "https://esm.sh/@bufbuild/protobuf@2.15.0/codegenv2?target=denonext",
    "https://esm.sh/@bufbuild/protobuf@^2.6.2/wkt?target=denonext": "https://esm.sh/@bufbuild/protobuf@2.15.0/wkt?target=denonext",
    "https://esm.sh/@supabase/supabase-js@2": "https://esm.sh/@supabase/supabase-js@2.112.3",
    "https://esm.sh/compare-versions@^6.1.0?target=denonext": "https://esm.sh/compare-versions@6.1.1?target=denonext",
    "https://esm.sh/e2b@^1.0.5?target=denonext": "https://esm.sh/e2b@1.13.2?target=denonext",
    "https://esm.sh/iceberg-js@^0.8.1?target=denonext": "https://esm.sh/iceberg-js@0.8.1?target=denonext",
    "https://esm.sh/openapi-fetch@^0.9.7?target=denonext": "https://esm.sh/openapi-fetch@0.9.8?target=denonext",
    "https://esm.sh/platform@^1.3.6?target=denonext": "https://esm.sh/platform@1.3.6?target=denonext"
  },
  "remote": {
    "https://cdn.jsdelivr.net/npm/esbuild-wasm@0.27.1/esm/browser.min.js": "c9e7585b8e0e4fc8166b7369efe9cfdc7c7dbbe023133e3c25b7ebb2a4febc24",
    "https://deno.land/std@0.168.0/async/abortable.ts": "80b2ac399f142cc528f95a037a7d0e653296352d95c681e284533765961de409",
    "https://deno.land/std@0.168.0/async/deadline.ts": "2c2deb53c7c28ca1dda7a3ad81e70508b1ebc25db52559de6b8636c9278fd41f",
    "https://deno.land/std@0.168.0/async/debounce.ts": "60301ffb37e730cd2d6f9dadfd0ecb2a38857681bd7aaf6b0a106b06e5210a98",
    "https://deno.land/std@0.168.0/async/deferred.ts": "77d3f84255c3627f1cc88699d8472b664d7635990d5358c4351623e098e917d6",
    "https://deno.land/std@0.168.0/async/delay.ts": "5a9bfba8de38840308a7a33786a0155a7f6c1f7a859558ddcec5fe06e16daf57",
    "https://deno.land/std@0.168.0/async/mod.ts": "7809ad4bb223e40f5fdc043e5c7ca04e0e25eed35c32c3c32e28697c553fa6d9",
    "https://deno.land/std@0.168.0/async/mux_async_iterator.ts": "770a0ff26c59f8bbbda6b703a2235f04e379f73238e8d66a087edc68c2a2c35f",
    "https://deno.land/std@0.168.0/async/pool.ts": "6854d8cd675a74c73391c82005cbbe4cc58183bddcd1fbbd7c2bcda42b61cf69",
    "https://deno.land/std@0.168.0/async/retry.ts": "e8e5173623915bbc0ddc537698fa418cf875456c347eda1ed453528645b42e67",
    "https://deno.land/std@0.168.0/async/tee.ts": "3a47cc4e9a940904fd4341f0224907e199121c80b831faa5ec2b054c6d2eff5e",
    "https://deno.land/std@0.168.0/http/server.ts": "e99c1bee8a3f6571ee4cdeb2966efad465b8f6fe62bec1bdb59c1f007cc4d155",
    "https://deno.land/std@0.99.0/_util/assert.ts": "2f868145a042a11d5ad0a3c748dcf580add8a0dbc0e876eaa0026303a5488f58",
    "https://deno.land/std@0.99.0/_util/os.ts": "e282950a0eaa96760c0cf11e7463e66babd15ec9157d4c9ed49cc0925686f6a7",
    "https://deno.land/std@0.99.0/path/_constants.ts": "1247fee4a79b70c89f23499691ef169b41b6ccf01887a0abd131009c5581b853",
    "https://deno.land/std@0.99.0/path/_interface.ts": "1fa73b02aaa24867e481a48492b44f2598cd9dfa513c7b34001437007d3642e4",
    "https://deno.land/std@0.99.0/path/_util.ts": "2e06a3b9e79beaf62687196bd4b60a4c391d862cfa007a20fc3a39f778ba073b",
    "https://deno.land/std@0.99.0/path/common.ts": "eaf03d08b569e8a87e674e4e265e099f237472b6fd135b3cbeae5827035ea14a",
    "https://deno.land/std@0.99.0/path/glob.ts": "314ad9ff263b895795208cdd4d5e35a44618ca3c6dd155e226fb15d065008652",
    "https://deno.land/std@0.99.0/path/mod.ts": "4465dc494f271b02569edbb4a18d727063b5dbd6ed84283ff906260970a15d12",
    "https://deno.land/std@0.99.0/path/posix.ts": "f56c3c99feb47f30a40ce9d252ef6f00296fa7c0fcb6dd81211bdb3b8b99ca3b",
    "https://deno.land/std@0.99.0/path/separator.ts": "8fdcf289b1b76fd726a508f57d3370ca029ae6976fcde5044007f062e643ff1c",
    "https://deno.land/std@0.99.0/path/win32.ts": "77f7b3604e0de40f3a7c698e8a79e7f601dc187035a1c21cb1e596666ce112f8",
    "https://deno.land/x/imagescript@1.2.17/ImageScript.js": "9ce10c37a0e4fe43699689088c24f386fd401874057932bd57079ac729205038",
    "https://deno.land/x/imagescript@1.2.17/mod.ts": "18a6cb83c55e690c873505f6fe867364c678afb64934fe7aef593a6b92f79995",
    "https://deno.land/x/imagescript@1.2.17/png/src/crc.mjs": "5cf50de181d61dd00e66a240d811018ba5070afa8bba302f393604404604de84",
    "https://deno.land/x/imagescript@1.2.17/png/src/mem.mjs": "4968d400dae069b4bf0ef4767c1802fd2cc7d15d90eda4cfadf5b4cd19b96c6d",
    "https://deno.land/x/imagescript@1.2.17/png/src/png.mjs": "96ef0ceff1b5a6cd9304749e5f187b4ab238509fb5f9a8be8ee934240271ed8d",
    "https://deno.land/x/imagescript@1.2.17/png/src/zlib.mjs": "9867dc3fab1d31b664f9344b0d7e977f493d9c912a76c760d012ed2b89f7061c",
    "https://deno.land/x/imagescript@1.2.17/utils/buffer.js": "952cb1beb8827e50a493a5d1f29a4845e8c648789406d389dd51f51205ba02d8",
    "https://deno.land/x/imagescript@1.2.17/utils/crc32.js": "573d6222b3605890714ebc374e687ec2aa3e9a949223ea199483e47ca4864f7d",
    "https://deno.land/x/imagescript@1.2.17/utils/png.js": "fbed9117e0a70602645d70df9c103ff6e79c03e987bd5c1685dcb4200729b6de",
    "https://deno.land/x/imagescript@1.2.17/utils/wasm/font.js": "9e75d842608c057045698d6a7cdf5ffd27241b5cdea0391c89a1917b31294524",
    "https://deno.land/x/imagescript@1.2.17/utils/wasm/gif.js": "8b86f7b96486bb8ff50fbc7c7487f86cb5cef85e6acd71e1def78a1aa2f12e4f",
    "https://deno.land/x/imagescript@1.2.17/utils/wasm/jpeg.js": "75295e2fcf96b4f7bb894b3844fdaa8140d63169d28b466b5d5be89d59a7b6e6",
    "https://deno.land/x/imagescript@1.2.17/utils/wasm/png.js": "0659536a8dd8f892c8346e268b2754b4414fad0ec1e9794dfcde1ba1c804ee02",
    "https://deno.land/x/imagescript@1.2.17/utils/wasm/svg.js": "f5c8a9d1977b51a7c07549ceb6bbbaca9497321a193f28b3dc229a42d91bcf14",
    "https://deno.land/x/imagescript@1.2.17/utils/wasm/tiff.js": "c2d7bdaef094df25aae1752e75167f485e89275d76a1379e39d8949580b7af4f",
    "https://deno.land/x/imagescript@1.2.17/utils/wasm/zlib.js": "749875f83abffe24d3b977475a0cbd5f9b52bee1fbdbef61ec183cbfc17805f6",
    "https://deno.land/x/imagescript@1.2.17/v2/framebuffer.mjs": "add44ff184636659714b3c6d4b896f628545451abffbc30b5bcc2e8d9a73d012",
    "https://deno.land/x/imagescript@1.2.17/v2/ops/blur.mjs": "80716f1ffab8a2aeb54a036f583bf51a2b9dd37e005adc000add803df8e8a12f",
    "https://deno.land/x/imagescript@1.2.17/v2/ops/color.mjs": "5e72cdcbf97dc939a2795223f01e3cb0544c0c56b03ea2aa026050df58348814",
    "https://deno.land/x/imagescript@1.2.17/v2/ops/crop.mjs": "69431fa6f687fd9f0c31eff0ec27d7ac925275005e53a37f0c3fab4cc4d9a9ea",
    "https://deno.land/x/imagescript@1.2.17/v2/ops/fill.mjs": "cf1b9488314753fbc9ebf03410ac74c2a34ea5a69fb6892cd6e8366cd1930d93",
    "https://deno.land/x/imagescript@1.2.17/v2/ops/flip.mjs": "825a34a66567dcf15e76a719f1bf2f66fb106503cd69942292b1b0ae05c5718e",
    "https://deno.land/x/imagescript@1.2.17/v2/ops/index.mjs": "423ba687119be2bba8cec72890577d3afa3621b6b8108912242fe937a183f2aa",
    "https://deno.land/x/imagescript@1.2.17/v2/ops/iterator.mjs": "c2adf3d90ce00719a02c48c97634574176a3501ff026676259bd71aa8f5d69b9",
    "https://deno.land/x/imagescript@1.2.17/v2/ops/overlay.mjs": "7e6e2c2ffd25006d52597ab8babc5f8f503d388a3fdf2fbc0eaea02799a020c9",
    "https://deno.land/x/imagescript@1.2.17/v2/ops/resize.mjs": "814e78ebce8eaf8f1f918688db7b52a141405e06a36ed4b25d04413d69e7d17b",
    "https://deno.land/x/imagescript@1.2.17/v2/ops/rotate.mjs": "a1b65616717bd2eed8db406affea3263b4674dada46b56441ef38167a187455d",
    "https://deno.land/x/imagescript@1.2.17/v2/util/mem.mjs": "4968d400dae069b4bf0ef4767c1802fd2cc7d15d90eda4cfadf5b4cd19b96c6d",
    "https://deno.land/x/media_types@v2.9.0/db.ts": "ba39cddbcefce47d577c0529066787a3a7b39d27750a6d32b5ad53ed487e7b7b",
    "https://deno.land/x/media_types@v2.9.0/deps.ts": "364b24c35845cfd5c6903ab22b8ba9873bf1022bbbf6bf3d001695332d4bbb4f",
    "https://deno.land/x/media_types@v2.9.0/mod.ts": "d63583b978d32eff8b76e1ae5d83cba2fb27baa90cc1bcb0ad15a06122ea8c19",
    "https://deno.land/x/xhr@0.1.0/mod.ts": "5200325d879e571961f0927e8e32e66fd33f4ba0d29a219560cf9e0fe9bc6cdf",
    "https://esm.sh/@bufbuild/protobuf@2.15.0/codegenv1?target=denonext": "5a59559a9b3d250852bda1df10f81f2cd5525f6c8f251540e7fd2b0ee45f3da4",
    "https://esm.sh/@bufbuild/protobuf@2.15.0/codegenv2?target=denonext": "8a4feae0cd3239743f175603620f3d8c1ef070faaef116b30b2dc9771e92275c",
    "https://esm.sh/@bufbuild/protobuf@2.15.0/denonext/codegenv1.mjs": "4338e7b91ff5092c75154d34725d8a950265cf635f838211eae1dda09713a590",
    "https://esm.sh/@bufbuild/protobuf@2.15.0/denonext/codegenv2.mjs": "bd82478fb111079a4d53c5d676a02878af555372bbf2d1299516aaae98e6dfbf",
    "https://esm.sh/@bufbuild/protobuf@2.15.0/denonext/dist/esm/clone.mjs": "74979ff6eb5f22af4ce847aafcbfac02faf0ce2840f1e4ab39676e369183f3ed",
    "https://esm.sh/@bufbuild/protobuf@2.15.0/denonext/dist/esm/codegenv2/boot.mjs": "f2cb8bf7f69e06d72f079e659f1c420b729cf4e314cef20ae89ff19fec8b0c53",
    "https://esm.sh/@bufbuild/protobuf@2.15.0/denonext/dist/esm/codegenv2/embed.mjs": "7ba34e682bbb9fc602d701e1eb8ae85ed8724e96abd586726077a9e0a60cf2ba",
    "https://esm.sh/@bufbuild/protobuf@2.15.0/denonext/dist/esm/codegenv2/enum.mjs": "c890b58a727833c6ff8aa215c264e1ff035657ebab43225af6832cb56af31fdd",
    "https://esm.sh/@bufbuild/protobuf@2.15.0/denonext/dist/esm/codegenv2/extension.mjs": "0cb475cdbcf16fb2be2d0ed21fd826037eceebca9d7f4a445aa081371217bda5",
    "https://esm.sh/@bufbuild/protobuf@2.15.0/denonext/dist/esm/codegenv2/file.mjs": "112e0807194ffb04bd7dee264cb7ee0d423eefe064eece1239316c6e56268a94",
    "https://esm.sh/@bufbuild/protobuf@2.15.0/denonext/dist/esm/codegenv2/message.mjs": "6e4f0cde84391ad2b235fae8a9feb1d0f48f719bc666b30305367c750d4892ab",
    "https://esm.sh/@bufbuild/protobuf@2.15.0/denonext/dist/esm/codegenv2/restore-json-names.mjs": "f90cbdfc61c14bd242b122cecf5541b31e2440bc37f618316e383c34f7788b99",
    "https://esm.sh/@bufbuild/protobuf@2.15.0/denonext/dist/esm/codegenv2/scalar.mjs": "c0948620ba62d830e14dfab5154bd877876510b0f7f94e58e228d7adca0884f3",
    "https://esm.sh/@bufbuild/protobuf@2.15.0/denonext/dist/esm/codegenv2/symbols.mjs": "acc9b1b31346ca2d210e31d3dfda2aa26ebe85e89392274c450b791b0d325efd",
    "https://esm.sh/@bufbuild/protobuf@2.15.0/denonext/dist/esm/create.mjs": "a89e66b4a4f9bd4338edbab650fa599c6cb34a8d8a5f1d696153b0e253d97a22",
    "https://esm.sh/@bufbuild/protobuf@2.15.0/denonext/dist/esm/descriptors.mjs": "4d06128a9e6896a170e73c5e6400f7b506083421ab9efc57c4a05782dbb7f3a2",
    "https://esm.sh/@bufbuild/protobuf@2.15.0/denonext/dist/esm/extensions.mjs": "d543f5f6135094eb853060f1eadab2d8dd0b9efc923cc70fc83eda4575e5319d",
    "https://esm.sh/@bufbuild/protobuf@2.15.0/denonext/dist/esm/fields.mjs": "173915321e5d84ebfc01d37edf1c0848bbe91f9f9f003ca174c536c302361963",
    "https://esm.sh/@bufbuild/protobuf@2.15.0/denonext/dist/esm/from-binary.mjs": "9c816325f9490235f28b41b7648d99413f2b058be1c4d1dd9b4ef6728ba25de1",
    "https://esm.sh/@bufbuild/protobuf@2.15.0/denonext/dist/esm/is-message.mjs": "a4420b3acab803af9e5d599ddbf59c3e39c0ae349b325ead05131984cd9d29fc",
    "https://esm.sh/@bufbuild/protobuf@2.15.0/denonext/dist/esm/proto-int64.mjs": "68494689e48f2360f6ca5889f3acc98fbbb92c5f036ab3a42b201186322d27d3",
    "https://esm.sh/@bufbuild/protobuf@2.15.0/denonext/dist/esm/reflect/error.mjs": "405a37a1deec15f0450c6920dac7be95f4e26d317dbce868d3bfc8766267b565",
    "https://esm.sh/@bufbuild/protobuf@2.15.0/denonext/dist/esm/reflect/guard.mjs": "a4abdbe6b958049fb90cdd8709a4438c9e8773939cc4a49e84342e0c0e49484d",
    "https://esm.sh/@bufbuild/protobuf@2.15.0/denonext/dist/esm/reflect/message.mjs": "790fc5a0e8207148b0577bc723908575a084077b17b9a403163484539acc5adb",
    "https://esm.sh/@bufbuild/protobuf@2.15.0/denonext/dist/esm/reflect/names.mjs": "6306db831c3fe2d6a16d660da21e0f6d2924f302038b0f599fde07d52ebc64b9",
    "https://esm.sh/@bufbuild/protobuf@2.15.0/denonext/dist/esm/reflect/nested-types.mjs": "5cfec8f5c908ffc52094b4e79ba6dd357b275ea3f2574147ecdc900b1ca9d235",
    "https://esm.sh/@bufbuild/protobuf@2.15.0/denonext/dist/esm/reflect/reflect-check.mjs": "8aa00250e8ead219e18ac8781e730d63a0fb78bc10613faf896136b17770f2cb",
    "https://esm.sh/@bufbuild/protobuf@2.15.0/denonext/dist/esm/reflect/reflect.mjs": "d7e02d2fe47489514bf90ad4328ba8b8eb99f725cd4fa171cb7cd4d71fb415d7",
    "https://esm.sh/@bufbuild/protobuf@2.15.0/denonext/dist/esm/reflect/scalar.mjs": "78f58ebd692b1f5970697c386b2cec333bcd63126bc2dcf4b40044c71ce180ab",
    "https://esm.sh/@bufbuild/protobuf@2.15.0/denonext/dist/esm/reflect/unsafe.mjs": "8c9d08e2864b34236054ca8ec1d3140004c3ad64002de2bb437c3515e976eff5",
    "https://esm.sh/@bufbuild/protobuf@2.15.0/denonext/dist/esm/registry.mjs": "32b77f66292a6706f6bcec241563865e6ed30b2a4fd44415ed26617fc302d35c",
    "https://esm.sh/@bufbuild/protobuf@2.15.0/denonext/dist/esm/to-binary.mjs": "7d01a63b16370ddbf7c31761d9857ce899b409173f76a7f53359246c1852e88b",
    "https://esm.sh/@bufbuild/protobuf@2.15.0/denonext/dist/esm/wire/base64-encoding.mjs": "d1e5616e1c388d61be9fcec9552bc78d126d2d504f585b36464e4d70a2be02ea",
    "https://esm.sh/@bufbuild/protobuf@2.15.0/denonext/dist/esm/wire/binary-encoding.mjs": "4fedf50cee4ab1d2dcf159a2d5068c21f4527c4c4cda1f9039f05afcd4ce6267",
    "https://esm.sh/@bufbuild/protobuf@2.15.0/denonext/dist/esm/wire/text-encoding.mjs": "0b06d4308452d24127a27dba55ffaa626a9f2950af6448169847c1a8b761212d",
    "https://esm.sh/@bufbuild/protobuf@2.15.0/denonext/dist/esm/wire/text-format.mjs": "df57d2cf4d82901d1fd809b3f8c83e9b9049e0af7cccd5a6268ab288f6cbc8b8",
    "https://esm.sh/@bufbuild/protobuf@2.15.0/denonext/dist/esm/wire/varint.mjs": "80d84fd56c2eb1441977516308925e87de19c15fa91d125df00548a88d3d5c99",
    "https://esm.sh/@bufbuild/protobuf@2.15.0/denonext/dist/esm/wkt/gen/google/protobuf/descriptor_pb.mjs": "ee508658a3c2224388a14df894b2086de2543b6aeb0e4763d1ab85722e618c30",
    "https://esm.sh/@bufbuild/protobuf@2.15.0/denonext/dist/esm/wkt/wrappers.mjs": "2c86c9a1e2844bf604ba485cda237e136750f71ab3c6c55ac409a1b4ba440924",
    "https://esm.sh/@bufbuild/protobuf@2.15.0/denonext/protobuf.mjs": "705369d4965b14a0841cc7fb2bc08748af81a23365a93535f0498bbd6210c6cc",
    "https://esm.sh/@bufbuild/protobuf@2.15.0/denonext/wire.mjs": "c994b56b7e4f5a26fb76f25063a665d82a528b77996025a95938111e41f53f8e",
    "https://esm.sh/@bufbuild/protobuf@2.15.0/denonext/wkt.mjs": "7ebd68e58a455013ef0467ec057c989519d41199914a7df1196321db10957023",
    "https://esm.sh/@bufbuild/protobuf@2.15.0/wire?target=denonext": "ee38d7959746250f94e4ff9573953da6956e7eca0c8e0138ebd103baf2cf6789",
    "https://esm.sh/@bufbuild/protobuf@2.15.0/wkt?target=denonext": "c40f627447fe7ac1b297ff34fe5b8816ba903985d2e71241d0ed481eb5f0d040",
    "https://esm.sh/@bufbuild/protobuf@2.15.0?target=denonext": "5d5404bfb837781109314bd6d293341120f6e59e3199c644e55b0428b533f239",
    "https://esm.sh/@connectrpc/connect-web@2.0.0-rc.3/denonext/connect-web.mjs": "5609ed0edc8e878f7b39a1c50010d7824adc7b1d6bc973f60aa2748ae6847391",
    "https://esm.sh/@connectrpc/connect@2.0.0-rc.3/denonext/connect.mjs": "4ad84c2eed195a1660e76108fcc93e1abb9207187a443a9ab9aafe28b8c0c80d",
    "https://esm.sh/@connectrpc/connect@2.0.0-rc.3/denonext/dist/esm/code.mjs": "346ba92c78a18dd725d2016b50c480900766e27106dba8e9183cde812dcefe42",
    "https://esm.sh/@connectrpc/connect@2.0.0-rc.3/denonext/dist/esm/connect-error.mjs": "8ca7d4a6ca4b4a6891fbe0831197bf42521823da6101bf0cbae98011e70e2f18",
    "https://esm.sh/@connectrpc/connect@2.0.0-rc.3/denonext/dist/esm/context-values.mjs": "517a5213a7072b431b69c6c64a5989bb3ea2e6c79de923c535838990251042b5",
    "https://esm.sh/@connectrpc/connect@2.0.0-rc.3/denonext/dist/esm/http-headers.mjs": "e59a7440032edbe8dc19cb3c5cfe5997b205ef1d822166c698420f6f2bffc7bd",
    "https://esm.sh/@connectrpc/connect@2.0.0-rc.3/denonext/dist/esm/implementation.mjs": "0a1a415c69f5cd76d04014b8efc19c13bf329c072bc9dd58a81b41f2e26179f1",
    "https://esm.sh/@connectrpc/connect@2.0.0-rc.3/denonext/dist/esm/interceptor.mjs": "af2692f4fd5e1bc95538f345e417ce1d050ba7cb9f0fd2a57f8590908364fc79",
    "https://esm.sh/@connectrpc/connect@2.0.0-rc.3/denonext/dist/esm/protocol-connect/code-string.mjs": "60bbf4a6c67f86309eb03de2224b6af06de5627e9fa4371a058b594374a54df7",
    "https://esm.sh/@connectrpc/connect@2.0.0-rc.3/denonext/dist/esm/protocol-connect/content-type.mjs": "787e94eaa3db071dc5fc3c5c225c3cef0c0235e0fa4edf491ba90295f8fb111f",
    "https://esm.sh/@connectrpc/connect@2.0.0-rc.3/denonext/dist/esm/protocol-connect/end-stream.mjs": "7b0604baa9961658b38c48da13588b4fc321c0719deb20607709da111af22e12",
    "https://esm.sh/@connectrpc/connect@2.0.0-rc.3/denonext/dist/esm/protocol-connect/error-json.mjs": "82cce643822a8d46b341552a1bd9d5ebff2157f8b63c9244fb970c00eaa4c38b",
    "https://esm.sh/@connectrpc/connect@2.0.0-rc.3/denonext/dist/esm/protocol-connect/get-request.mjs": "a8242cdfc5f46051d917999f05f187916f07227da8004f46797b169fcaf503b3",
    "https://esm.sh/@connectrpc/connect@2.0.0-rc.3/denonext/dist/esm/protocol-connect/handler-factory.mjs": "5f72364b389664f5970dc91989dd21cb8f9b4d5ce291fd1a42a52469d6f9373b",
    "https://esm.sh/@connectrpc/connect@2.0.0-rc.3/denonext/dist/esm/protocol-connect/headers.mjs": "7e5481686a37d8420170dd86509712366e57dd492a94defa36b54314e763175c",
    "https://esm.sh/@connectrpc/connect@2.0.0-rc.3/denonext/dist/esm/protocol-connect/http-status.mjs": "41d55d0b4dd49fb0544312cfc7c0e9b9902cfd51966ed6c2f7d4d08647a49052",
    "https://esm.sh/@connectrpc/connect@2.0.0-rc.3/denonext/dist/esm/protocol-connect/parse-timeout.mjs": "486d5de07f3c86392fa28ddb160e99e0a3549e694b333946ce3ce69b236d2dbd",
    "https://esm.sh/@connectrpc/connect@2.0.0-rc.3/denonext/dist/esm/protocol-connect/query-params.mjs": "2b68ddbc542edab1fcb9f7b0b0f23a9b4a14ca0657cd387e840a7d83ef4c64e2",
    "https://esm.sh/@connectrpc/connect@2.0.0-rc.3/denonext/dist/esm/protocol-connect/request-header.mjs": "040c3d4e25523b16c808207a18fdf99f4b4e5b710c1c2132e0f3a290b2f1f933",
    "https://esm.sh/@connectrpc/connect@2.0.0-rc.3/denonext/dist/esm/protocol-connect/trailer-mux.mjs": "195aae62633035305dd20c262d17db64acd5e23f86711e2193c9a697e6e8f288",
    "https://esm.sh/@connectrpc/connect@2.0.0-rc.3/denonext/dist/esm/protocol-connect/transport.mjs": "f3d32d8b18042767247c3a24211fb82e140188ec98d84cb1b9f2c98c7333a485",
    "https://esm.sh/@connectrpc/connect@2.0.0-rc.3/denonext/dist/esm/protocol-connect/validate-response.mjs": "86b32644f8310f41c7489878629ee848866ddaa3a7ef01dc27178bdfe2ba3a8a",
    "https://esm.sh/@connectrpc/connect@2.0.0-rc.3/denonext/dist/esm/protocol-connect/version.mjs": "d9177fdadde11ace49ddffddcd0b3d5f2ee5eee60f9e78a79f038655a6f473c3",
    "https://esm.sh/@connectrpc/connect@2.0.0-rc.3/denonext/dist/esm/protocol-grpc-web/content-type.mjs": "56996b55e83d23b0bd0e293e450f44d5af547f1bde7b64a59bc09ef67b50c863",
    "https://esm.sh/@connectrpc/connect@2.0.0-rc.3/denonext/dist/esm/protocol-grpc-web/handler-factory.mjs": "8c140f9f378e5ad90347f03dcf29c61444ad46c1686468e976596d11d29efca0",
    "https://esm.sh/@connectrpc/connect@2.0.0-rc.3/denonext/dist/esm/protocol-grpc-web/headers.mjs": "cee035ec9bb13704018e41eb2ef53c6a679bb98e214e32c491a1a7853427e978",
    "https://esm.sh/@connectrpc/connect@2.0.0-rc.3/denonext/dist/esm/protocol-grpc-web/trailer.mjs": "3b66722d6293b4bb4a21fc6f3def9720d4c20854953236499f3b2a23e9fd18c0",
    "https://esm.sh/@connectrpc/connect@2.0.0-rc.3/denonext/dist/esm/protocol-grpc/content-type.mjs": "d662fb32d1b8cf940c82aac1fa6c8af5f6a749762c17c37396e5fedd0b219830",
    "https://esm.sh/@connectrpc/connect@2.0.0-rc.3/denonext/dist/esm/protocol-grpc/handler-factory.mjs": "bba2b783787a5749c62e3ed5947969c67c248e156dd66adf51d713d5d8b70d42",
    "https://esm.sh/@connectrpc/connect@2.0.0-rc.3/denonext/dist/esm/protocol-grpc/headers.mjs": "2ef476759c712decdf8aeb7c1c2a4c848330c3cd74239e4a5461bd3e998c959f",
    "https://esm.sh/@connectrpc/connect@2.0.0-rc.3/denonext/dist/esm/protocol-grpc/http-status.mjs": "77c40a9bd7b8bd8b86dc5b5a386e5745396abd242be8a93493269f5cc25e99f9",
    "https://esm.sh/@connectrpc/connect@2.0.0-rc.3/denonext/dist/esm/protocol-grpc/parse-timeout.mjs": "d543c11325ba194585069765de2a736c6129ca277fa6fe77e298345bba7ca7f0",
    "https://esm.sh/@connectrpc/connect@2.0.0-rc.3/denonext/dist/esm/protocol-grpc/trailer-status.mjs": "e79dfb831eb814ff5b2741b01a6d755a69896344bc1dbb38b1a4b98d6ac24a60",
    "https://esm.sh/@connectrpc/connect@2.0.0-rc.3/denonext/dist/esm/protocol-grpc/validate-trailer.mjs": "56db126a60ddbd262fdaa403aa2bde903cb02247b80dd5cd191922110c698782",
    "https://esm.sh/@connectrpc/connect@2.0.0-rc.3/denonext/dist/esm/protocol/async-iterable.mjs": "e3049d1b1eb0ecfe891b3cd6d01dccd7ad920d486f8b82f2f84ff4c3c6d9ae25",
    "https://esm.sh/@connectrpc/connect@2.0.0-rc.3/denonext/dist/esm/protocol/compression.mjs": "fae361775291d5916b6744d8d90a1fa21df37643cf466e0b72e0b5253e9009b1",
    "https://esm.sh/@connectrpc/connect@2.0.0-rc.3/denonext/dist/esm/protocol/content-type-matcher.mjs": "8bdaf7cf5be14b3829939fd37e25da4e6df2e0c94492349f36a3075795664901",
    "https://esm.sh/@connectrpc/connect@2.0.0-rc.3/denonext/dist/esm/protocol/create-method-url.mjs": "0a6abe8b8f148e13e527aee54c0673aac3032805da63262fe6d985224bb6c6eb",
    "https://esm.sh/@connectrpc/connect@2.0.0-rc.3/denonext/dist/esm/protocol/envelope.mjs": "7f39bae8fc6dce290c73923c8d0ef270a061b870770ae5e58f8776b9a2f8e924",
    "https://esm.sh/@connectrpc/connect@2.0.0-rc.3/denonext/dist/esm/protocol/invoke-implementation.mjs": "10b1d212421f0dc756c16024abbd5749427aa24b9967b82a2a8b62e13a92e339",
    "https://esm.sh/@connectrpc/connect@2.0.0-rc.3/denonext/dist/esm/protocol/limit-io.mjs": "4d9260ac85b3b0418b9dbe4736fd33b29c5a3f8701efb78031219f13340595d6",
    "https://esm.sh/@connectrpc/connect@2.0.0-rc.3/denonext/dist/esm/protocol/normalize.mjs": "0b4f703f57f27f293f7665ce03786317f037abd8e4c18f73150e092c2527420d",
    "https://esm.sh/@connectrpc/connect@2.0.0-rc.3/denonext/dist/esm/protocol/run-call.mjs": "0fa29a315c29b38f95e525ef2ac71194cbf3c27872b72f581e24306c51297d7c",
    "https://esm.sh/@connectrpc/connect@2.0.0-rc.3/denonext/dist/esm/protocol/serialization.mjs": "f2e541afdde4dcd0ebbd7b87741e85de7840b0b84e5e80585848f18d40994faf",
    "https://esm.sh/@connectrpc/connect@2.0.0-rc.3/denonext/dist/esm/protocol/signals.mjs": "c975481e7b5fe9c64501351edae1ebd78a93ce3ae03d28a5cdb178c091b34239",
    "https://esm.sh/@connectrpc/connect@2.0.0-rc.3/denonext/dist/esm/protocol/universal-handler-client.mjs": "1fea0f0c678471aaefd36892b18a5e233d2a7160667a11345d3273c4bf55e18d",
    "https://esm.sh/@connectrpc/connect@2.0.0-rc.3/denonext/dist/esm/protocol/universal-handler.mjs": "3abef50339edd461fec3b761e7b37283827caedaa3331f3d676521dd2d06f834",
    "https://esm.sh/@connectrpc/connect@2.0.0-rc.3/denonext/dist/esm/protocol/universal.mjs": "4f343995dccccda1becd8c10dda4b49df3674d72e033c2efa9f271bf08b774d1",
    "https://esm.sh/@connectrpc/connect@2.0.0-rc.3/denonext/protocol-connect.mjs": "bce983e47a1a972b253e8f8a0324e74796783ac312753779b5eea34501ee2959",
    "https://esm.sh/@connectrpc/connect@2.0.0-rc.3/denonext/protocol-grpc-web.mjs": "a0a3d3cffaff48e4c7690e7255b0600c4460ae5f1dbf5c37a6509c3b2d7e9e10",
    "https://esm.sh/@connectrpc/connect@2.0.0-rc.3/denonext/protocol-grpc.mjs": "0f83fb8e090c0f5f05a98791affb0aa6fe1ac20ea1dd0f83b567038c0fd02f09",
    "https://esm.sh/@connectrpc/connect@2.0.0-rc.3/denonext/protocol.mjs": "e58092ea1f7b36919e4734f69f4dbad813d165d12970230c54b67d38cd8bd5c2",
    "https://esm.sh/@e2b/code-interpreter@1.0.4": "2166de3018f6ca77c27c4b6fa8c9d06932ce3ceb18cdecd629ae7f9a28707a8c",
    "https://esm.sh/@e2b/code-interpreter@1.0.4/denonext/code-interpreter.mjs": "a59addff2797bf05e135edfc2862077db80822dc0d4982a758a8f7ed7787ffe7",
    "https://esm.sh/@supabase/auth-js@2.89.0/denonext/auth-js.mjs": "7564602b661ea604c556b71402e3c7957d7c5be4785c1612765f1ce654d57b46",
    "https://esm.sh/@supabase/functions-js@2.89.0/denonext/functions-js.mjs": "ad96f85b7c776e988d2990d16a6c53e7996545dfe5b8559dbfb9927b793e608d",
    "https://esm.sh/@supabase/postgrest-js@2.89.0/denonext/postgrest-js.mjs": "ea872d4b524536fb76244c6760db6d21ad3862ca5640e9e45ccc8c94e6bd3c3b",
    "https://esm.sh/@supabase/realtime-js@2.89.0/denonext/realtime-js.mjs": "e98f81bcfb8fed536a7aeb67d8008c320f465c235107ac69f48dddd861ad2b4e",
    "https://esm.sh/@supabase/storage-js@2.89.0/denonext/storage-js.mjs": "4dbf4d7138af35a46733d2043e58d73c72e1a2dc40738a71f5ea98fb27a3ed55",
    "https://esm.sh/@supabase/supabase-js@2.112.3": "f6b9130984301066587e8917dfab3b3d60be47dc966bd3d04c733bc9423c1cf9",
    "https://esm.sh/@supabase/supabase-js@2.39.3": "832d7714491bd1c8a9008a332b35cb099f24b451ad79e755ecf4d71985fd6610",
    "https://esm.sh/@supabase/supabase-js@2.89.0": "afc79f2684e433766a2e1b1dc84be3393c5982ad0368d9a9b0a6e567f4f0dee4",
    "https://esm.sh/@supabase/supabase-js@2.89.0/denonext/supabase-js.mjs": "0fd755a0eb58d38459cf3bfc839539eb4f93871c6662409e7e1ea922cd442159",
    "https://esm.sh/compare-versions@6.1.1/denonext/compare-versions.mjs": "7ec1c3385386a93dff3edb8047c33ab13efd82a9542b2a964d9193d6e5167e01",
    "https://esm.sh/compare-versions@6.1.1?target=denonext": "785f05abefe8e951722e79ae7de0f93a0b5337edff0f7c7b84d754e74f61deab",
    "https://esm.sh/e2b@1.13.2/denonext/e2b.mjs": "46ff1cc2accd5aa89cba464a305982950e1c1e1aaec59d4852d5020ac87dd69b",
    "https://esm.sh/e2b@1.13.2?target=denonext": "b42b9dd1b50279b930b43fcbdf233a7b55a8e481457b09eceefc3a1a6e7de6a0",
    "https://esm.sh/iceberg-js@0.8.1/denonext/iceberg-js.mjs": "d839d81a2e3966500ca2cdd0c1cb458e9608bacfc91f7bb67a69b2e878dcdb4f",
    "https://esm.sh/iceberg-js@0.8.1?target=denonext": "58c849d7fe2bf4eca4a84eb501e83c161a7d8c34ca1bec15a962b3bec3062633",
    "https://esm.sh/openapi-fetch@0.9.8/denonext/openapi-fetch.mjs": "1b6ff54d9309f5eba3e240b041267515e86107c87682adacccb2aabee823f0dd",
    "https://esm.sh/openapi-fetch@0.9.8?target=denonext": "68091fddc1da3f8270791dd42cd048668e2bb171d09d67ffadf120bda978df2e",
    "https://esm.sh/platform@1.3.6/denonext/platform.mjs": "37d3eee68ae5fef83a6e4efaa6435128bd782ce335f2be6c3642a7580a70e25f",
    "https://esm.sh/platform@1.3.6?target=denonext": "f8608eeab5a65b73c890fce7bae80d48e73771de806b801f5eaf01f40235709d",
    "https://esm.sh/tslib@2.8.1/denonext/tslib.mjs": "c38da5dd6da6281964435002ce204cd586634fe3bdfb24a0ee116f48cf3292e9"
  },
  "workspace": {
    "packageJson": {
      "dependencies": [
        "npm:@babel/standalone@^7.28.5",
        "npm:@codesandbox/sandpack-react@^2.20.0",
        "npm:@dnd-kit/core@^6.3.1",
        "npm:@dnd-kit/utilities@^3.2.2",
        "npm:@eslint/js@^9.32.0",
        "npm:@hookform/resolvers@^3.10.0",
        "npm:@mlc-ai/web-llm@~0.2.82",
        "npm:@monaco-editor/react@^4.7.0",
        "npm:@radix-ui/react-accordion@^1.2.11",
        "npm:@radix-ui/react-alert-dialog@^1.1.14",
        "npm:@radix-ui/react-aspect-ratio@^1.1.7",
        "npm:@radix-ui/react-avatar@^1.1.10",
        "npm:@radix-ui/react-checkbox@^1.3.2",
        "npm:@radix-ui/react-collapsible@^1.1.11",
        "npm:@radix-ui/react-context-menu@^2.2.15",
        "npm:@radix-ui/react-dialog@^1.1.14",
        "npm:@radix-ui/react-dropdown-menu@^2.1.15",
        "npm:@radix-ui/react-hover-card@^1.1.14",
        "npm:@radix-ui/react-label@^2.1.7",
        "npm:@radix-ui/react-menubar@^1.1.15",
        "npm:@radix-ui/react-navigation-menu@^1.2.13",
        "npm:@radix-ui/react-popover@^1.1.14",
        "npm:@radix-ui/react-progress@^1.1.7",
        "npm:@radix-ui/react-radio-group@^1.3.7",
        "npm:@radix-ui/react-scroll-area@^1.2.9",
        "npm:@radix-ui/react-select@^2.2.5",
        "npm:@radix-ui/react-separator@^1.1.7",
        "npm:@radix-ui/react-slider@^1.3.5",
        "npm:@radix-ui/react-slot@^1.2.3",
        "npm:@radix-ui/react-switch@^1.2.5",
        "npm:@radix-ui/react-tabs@^1.1.12",
        "npm:@radix-ui/react-toast@^1.2.14",
        "npm:@radix-ui/react-toggle-group@^1.1.10",
        "npm:@radix-ui/react-toggle@^1.1.9",
        "npm:@radix-ui/react-tooltip@^1.2.7",
        "npm:@stripe/react-stripe-js@^6.7.0",
        "npm:@stripe/stripe-js@^9.9.0",
        "npm:@supabase/supabase-js@^2.89.0",
        "npm:@tailwindcss/typography@~0.5.16",
        "npm:@tanstack/react-query@^5.83.0",
        "npm:@tiptap/markdown@^3.14.0",
        "npm:@tiptap/react@^3.14.0",
        "npm:@tiptap/starter-kit@^3.14.0",
        "npm:@types/dompurify@^3.2.0",
        "npm:@types/node@^22.16.5",
        "npm:@types/react-dom@^18.3.7",
        "npm:@types/react-syntax-highlighter@^15.5.13",
        "npm:@types/react@^18.3.23",
        "npm:@vitejs/plugin-react-swc@^4.3.3",
        "npm:autoprefixer@^10.4.21",
        "npm:border-beam@^1.3.0",
        "npm:canvas-confetti@^1.9.4",
        "npm:class-variance-authority@~0.7.1",
        "npm:clsx@^2.1.1",
        "npm:cmdk@^1.1.1",
        "npm:date-fns@^3.6.0",
        "npm:dompurify@^3.4.14",
        "npm:embla-carousel-react@^8.6.0",
        "npm:esbuild-wasm@~0.27.3",
        "npm:eslint-plugin-react-hooks@^5.2.0",
        "npm:eslint-plugin-react-refresh@~0.4.20",
        "npm:eslint@^9.32.0",
        "npm:framer-motion@^12.23.12",
        "npm:globals@^15.15.0",
        "npm:img-fx@~0.5.1",
        "npm:input-otp@^1.4.2",
        "npm:jszip@^3.10.1",
        "npm:katex@~0.16.47",
        "npm:liquid-gooey@~0.2.1",
        "npm:lucide-react@^1.24.0",
        "npm:mermaid@^11.15.0",
        "npm:metal-fx@^1.0.4",
        "npm:next-themes@0.3",
        "npm:postcss@^8.5.6",
        "npm:react-day-picker@^8.10.1",
        "npm:react-dom@^18.3.1",
        "npm:react-helmet-async@3",
        "npm:react-hook-form@^7.61.1",
        "npm:react-markdown@^10.1.0",
        "npm:react-resizable-panels@^2.1.9",
        "npm:react-router-dom@^7.18.2",
        "npm:react-syntax-highlighter@^16.1.1",
        "npm:react@^18.3.1",
        "npm:recharts@^2.15.4",
        "npm:rehype-katex@^7.0.1",
        "npm:remark-gfm@^4.0.1",
        "npm:remark-math@6",
        "npm:sonner@^1.7.4",
        "npm:tailwind-merge@^2.6.0",
        "npm:tailwindcss-animate@^1.0.7",
        "npm:tailwindcss@^3.4.17",
        "npm:thinking-orbs@~0.3.1",
        "npm:three@0.180",
        "npm:typescript-eslint@^8.38.0",
        "npm:typescript@^5.8.3",
        "npm:vaul@~0.9.9",
        "npm:vite@^8.2.2",
        "npm:zod@^3.25.76",
        "npm:zustand@^5.0.8"
      ],
      "overrides": {
        "dompurify": "$dompurify"
      }
    }
  }
}
